
Microsoft Visual Studio Solution File, Format Version 12.00
# Visual Studio 2012
Project("{FAE04EC0-301F-11D3-BF4B-00C04F79EFBC}") = "DuoCSExtension", "DuoCSExtension.csproj", "{0187A28A-8DF3-4A13-B92B-3D9D6334804D}"
EndProject
Global
	GlobalSection(SolutionConfigurationPlatforms) = preSolution
		Debug|Any CPU = Debug|Any CPU
		Release|Any CPU = Release|Any CPU
	EndGlobalSection
	GlobalSection(ProjectConfigurationPlatforms) = postSolution
		{0187A28A-8DF3-4A13-B92B-3D9D6334804D}.Debug|Any CPU.ActiveCfg = Debug|Any CPU
		{0187A28A-8DF3-4A13-B92B-3D9D6334804D}.Debug|Any CPU.Build.0 = Debug|Any CPU
		{0187A28A-8DF3-4A13-B92B-3D9D6334804D}.Release|Any CPU.ActiveCfg = Release|Any CPU
		{0187A28A-8DF3-4A13-B92B-3D9D6334804D}.Release|Any CPU.Build.0 = Release|Any CPU
	EndGlobalSection
	GlobalSection(SolutionProperties) = preSolution
		HideSolutionNode = FALSE
	EndGlobalSection
EndGlobal
